
Microsoft Visual Studio Solution File, Format Version 12.00
# Visual Studio 15
VisualStudioVersion = 15.0.28010.2050
MinimumVisualStudioVersion = 10.0.40219.1
Project("{FAE04EC0-301F-11D3-BF4B-00C04F79EFBC}") = "PrimerParcialAplicadaII", "PrimerParcialAplicadaII\PrimerParcialAplicadaII.csproj", "{BA0BE4B5-670B-4E23-BE25-002F8BE40E7D}"
EndProject
Project("{FAE04EC0-301F-11D3-BF4B-00C04F79EFBC}") = "PrimerParcialAplicadaII.Tests", "PrimerParcialAplicadaII.Tests\PrimerParcialAplicadaII.Tests.csproj", "{ADDE3608-19E4-484C-9395-08B88562993C}"
EndProject
Global
	GlobalSection(SolutionConfigurationPlatforms) = preSolution
		Debug|Any CPU = Debug|Any CPU
		Release|Any CPU = Release|Any CPU
	EndGlobalSection
	GlobalSection(ProjectConfigurationPlatforms) = postSolution
		{BA0BE4B5-670B-4E23-BE25-002F8BE40E7D}.Debug|Any CPU.ActiveCfg = Debug|Any CPU
		{BA0BE4B5-670B-4E23-BE25-002F8BE40E7D}.Debug|Any CPU.Build.0 = Debug|Any CPU
		{BA0BE4B5-670B-4E23-BE25-002F8BE40E7D}.Release|Any CPU.ActiveCfg = Release|Any CPU
		{BA0BE4B5-670B-4E23-BE25-002F8BE40E7D}.Release|Any CPU.Build.0 = Release|Any CPU
		{ADDE3608-19E4-484C-9395-08B88562993C}.Debug|Any CPU.ActiveCfg = Debug|Any CPU
		{ADDE3608-19E4-484C-9395-08B88562993C}.Debug|Any CPU.Build.0 = Debug|Any CPU
		{ADDE3608-19E4-484C-9395-08B88562993C}.Release|Any CPU.ActiveCfg = Release|Any CPU
		{ADDE3608-19E4-484C-9395-08B88562993C}.Release|Any CPU.Build.0 = Release|Any CPU
	EndGlobalSection
	GlobalSection(SolutionProperties) = preSolution
		HideSolutionNode = FALSE
	EndGlobalSection
	GlobalSection(ExtensibilityGlobals) = postSolution
		SolutionGuid = {0CBC8348-4918-4093-ADDE-862D8F16055F}
	EndGlobalSection
EndGlobal
