
Microsoft Visual Studio Solution File, Format Version 12.00
# Visual Studio 15
VisualStudioVersion = 15.0.28010.2050
MinimumVisualStudioVersion = 10.0.40219.1
Project("{FAE04EC0-301F-11D3-BF4B-00C04F79EFBC}") = "PrimerParcialAplicadaII", "PrimerParcialAplicadaII\PrimerParcialAplicadaII.csproj", "{BA0BE4B5-670B-4E23-BE25-002F8BE40E7D}"
EndProject
Project("{FAE04EC0-301F-11D3-BF4B-00C04F79EFBC}") = "PrimerParcialAplicadaII.Tests", "PrimerParcialAplicadaII.Tests\PrimerParcialAplicadaII.Tests.csproj", "{ADDE3608-19E4-484C-9395-08B88562993C}"
EndProject
Project("{FAE04EC0-301F-11D3-BF4B-00C04F79EFBC}") = "BLL", "BLL\BLL.csproj", "{055155AB-3E5B-44A0-9E94-B1F4CE2F1E51}"
EndProject
Project("{FAE04EC0-301F-11D3-BF4B-00C04F79EFBC}") = "DAL", "DAL\DAL.csproj", "{FCF6398D-5C4E-43D4-926C-74195072DE6D}"
EndProject
Project("{FAE04EC0-301F-11D3-BF4B-00C04F79EFBC}") = "Entidades", "Entidades\Entidades.csproj", "{26379048-D71C-4B6E-B2BF-1195477F58E7}"
EndProject
Global
	GlobalSection(SolutionConfigurationPlatforms) = preSolution
		Debug|Any CPU = Debug|Any CPU
		Release|Any CPU = Release|Any CPU
	EndGlobalSection
	GlobalSection(ProjectConfigurationPlatforms) = postSolution
		{BA0BE4B5-670B-4E23-BE25-002F8BE40E7D}.Debug|Any CPU.ActiveCfg = Debug|Any CPU
		{BA0BE4B5-670B-4E23-BE25-002F8BE40E7D}.Debug|Any CPU.Build.0 = Debug|Any CPU
		{BA0BE4B5-670B-4E23-BE25-002F8BE40E7D}.Release|Any CPU.ActiveCfg = Release|Any CPU
		{BA0BE4B5-670B-4E23-BE25-002F8BE40E7D}.Release|Any CPU.Build.0 = Release|Any CPU
		{ADDE3608-19E4-484C-9395-08B88562993C}.Debug|Any CPU.ActiveCfg = Debug|Any CPU
		{ADDE3608-19E4-484C-9395-08B88562993C}.Debug|Any CPU.Build.0 = Debug|Any CPU
		{ADDE3608-19E4-484C-9395-08B88562993C}.Release|Any CPU.ActiveCfg = Release|Any CPU
		{ADDE3608-19E4-484C-9395-08B88562993C}.Release|Any CPU.Build.0 = Release|Any CPU
		{055155AB-3E5B-44A0-9E94-B1F4CE2F1E51}.Debug|Any CPU.ActiveCfg = Debug|Any CPU
		{055155AB-3E5B-44A0-9E94-B1F4CE2F1E51}.Debug|Any CPU.Build.0 = Debug|Any CPU
		{055155AB-3E5B-44A0-9E94-B1F4CE2F1E51}.Release|Any CPU.ActiveCfg = Release|Any CPU
		{055155AB-3E5B-44A0-9E94-B1F4CE2F1E51}.Release|Any CPU.Build.0 = Release|Any CPU
		{FCF6398D-5C4E-43D4-926C-74195072DE6D}.Debug|Any CPU.ActiveCfg = Debug|Any CPU
		{FCF6398D-5C4E-43D4-926C-74195072DE6D}.Debug|Any CPU.Build.0 = Debug|Any CPU
		{FCF6398D-5C4E-43D4-926C-74195072DE6D}.Release|Any CPU.ActiveCfg = Release|Any CPU
		{FCF6398D-5C4E-43D4-926C-74195072DE6D}.Release|Any CPU.Build.0 = Release|Any CPU
		{26379048-D71C-4B6E-B2BF-1195477F58E7}.Debug|Any CPU.ActiveCfg = Debug|Any CPU
		{26379048-D71C-4B6E-B2BF-1195477F58E7}.Debug|Any CPU.Build.0 = Debug|Any CPU
		{26379048-D71C-4B6E-B2BF-1195477F58E7}.Release|Any CPU.ActiveCfg = Release|Any CPU
		{26379048-D71C-4B6E-B2BF-1195477F58E7}.Release|Any CPU.Build.0 = Release|Any CPU
	EndGlobalSection
	GlobalSection(SolutionProperties) = preSolution
		HideSolutionNode = FALSE
	EndGlobalSection
	GlobalSection(ExtensibilityGlobals) = postSolution
		SolutionGuid = {0CBC8348-4918-4093-ADDE-862D8F16055F}
	EndGlobalSection
EndGlobal
